Microsoft Visual Studio Solution File, Format Version 12.00
# Visual Studio 15
VisualStudioVersion = 15.0.26228.4
MinimumVisualStudioVersion = 10.0.40219.1
Project("{FAE04EC0-301F-11D3-BF4B-00C04F79EFBC}") = "SuperPong.Desktop", "SuperPong.Desktop\SuperPong.Desktop.csproj", "{BB528BF0-E5F3-47BB-A0FF-2FF84A1A6FA1}"
EndProject
Project("{D954291E-2A0B-460D-934E-DC6B0785DB48}") = "SuperPong", "SuperPong\SuperPong.shproj", "{2435FF32-8FA0-41EF-AFE8-C2158F5A899F}"
EndProject
Project("{FAE04EC0-301F-11D3-BF4B-00C04F79EFBC}") = "ECS", "ECS\ECS.csproj", "{E8CCAA87-52FB-45C8-8B42-EF668FBB7018}"
EndProject
Project("{FAE04EC0-301F-11D3-BF4B-00C04F79EFBC}") = "SuperPong.Tests", "SuperPong.Tests\SuperPong.Tests.csproj", "{2B91C036-7CCA-467F-9A30-0A68E11F0B7B}"
EndProject
Project("{FAE04EC0-301F-11D3-BF4B-00C04F79EFBC}") = "Events", "Events\Events.csproj", "{E549B0DC-2E18-4704-8BC7-641F26625B31}"
EndProject
Global
	GlobalSection(SharedMSBuildProjectFiles) = preSolution
		SuperPong\SuperPong.projitems*{2435ff32-8fa0-41ef-afe8-c2158f5a899f}*SharedItemsImports = 13
		SuperPong\SuperPong.projitems*{bb528bf0-e5f3-47bb-a0ff-2ff84a1a6fa1}*SharedItemsImports = 4
	EndGlobalSection
	GlobalSection(SolutionConfigurationPlatforms) = preSolution
		Debug|x86 = Debug|x86
		Release|x86 = Release|x86
	EndGlobalSection
	GlobalSection(ProjectConfigurationPlatforms) = postSolution
		{BB528BF0-E5F3-47BB-A0FF-2FF84A1A6FA1}.Debug|x86.ActiveCfg = Debug|x86
		{BB528BF0-E5F3-47BB-A0FF-2FF84A1A6FA1}.Debug|x86.Build.0 = Debug|x86
		{BB528BF0-E5F3-47BB-A0FF-2FF84A1A6FA1}.Release|x86.ActiveCfg = Release|x86
		{BB528BF0-E5F3-47BB-A0FF-2FF84A1A6FA1}.Release|x86.Build.0 = Release|x86
		{E8CCAA87-52FB-45C8-8B42-EF668FBB7018}.Debug|x86.ActiveCfg = Debug|Any CPU
		{E8CCAA87-52FB-45C8-8B42-EF668FBB7018}.Debug|x86.Build.0 = Debug|Any CPU
		{E8CCAA87-52FB-45C8-8B42-EF668FBB7018}.Release|x86.ActiveCfg = Release|Any CPU
		{E8CCAA87-52FB-45C8-8B42-EF668FBB7018}.Release|x86.Build.0 = Release|Any CPU
		{2B91C036-7CCA-467F-9A30-0A68E11F0B7B}.Debug|x86.ActiveCfg = Debug|Any CPU
		{2B91C036-7CCA-467F-9A30-0A68E11F0B7B}.Debug|x86.Build.0 = Debug|Any CPU
		{2B91C036-7CCA-467F-9A30-0A68E11F0B7B}.Release|x86.ActiveCfg = Release|Any CPU
		{2B91C036-7CCA-467F-9A30-0A68E11F0B7B}.Release|x86.Build.0 = Release|Any CPU
		{E549B0DC-2E18-4704-8BC7-641F26625B31}.Debug|x86.ActiveCfg = Debug|Any CPU
		{E549B0DC-2E18-4704-8BC7-641F26625B31}.Debug|x86.Build.0 = Debug|Any CPU
		{E549B0DC-2E18-4704-8BC7-641F26625B31}.Release|x86.ActiveCfg = Release|Any CPU
		{E549B0DC-2E18-4704-8BC7-641F26625B31}.Release|x86.Build.0 = Release|Any CPU
	EndGlobalSection
	GlobalSection(SolutionProperties) = preSolution
		HideSolutionNode = FALSE
	EndGlobalSection
EndGlobal
